
Microsoft Visual Studio Solution File, Format Version 12.00
# Visual Studio 15
Project("{FAE04EC0-301F-11D3-BF4B-00C04F79EFBC}") = "Assembly-CSharp-Editor", "Assembly-CSharp-Editor.csproj", "{4BD4F45E-7187-F947-5C51-993862400474}"
EndProject
Project("{FAE04EC0-301F-11D3-BF4B-00C04F79EFBC}") = "Assembly-CSharp", "Assembly-CSharp.csproj", "{D13DE962-A546-B117-5C2B-F0EBB88FAD4C}"
EndProject
Global
	GlobalSection(SolutionConfigurationPlatforms) = preSolution
		Debug|Any CPU = Debug|Any CPU
		Release|Any CPU = Release|Any CPU
	EndGlobalSection
	GlobalSection(ProjectConfigurationPlatforms) = postSolution
		{4BD4F45E-7187-F947-5C51-993862400474}.Debug|Any CPU.ActiveCfg = Debug|Any CPU
		{4BD4F45E-7187-F947-5C51-993862400474}.Debug|Any CPU.Build.0 = Debug|Any CPU
		{4BD4F45E-7187-F947-5C51-993862400474}.Release|Any CPU.ActiveCfg = Release|Any CPU
		{4BD4F45E-7187-F947-5C51-993862400474}.Release|Any CPU.Build.0 = Release|Any CPU
		{D13DE962-A546-B117-5C2B-F0EBB88FAD4C}.Debug|Any CPU.ActiveCfg = Debug|Any CPU
		{D13DE962-A546-B117-5C2B-F0EBB88FAD4C}.Debug|Any CPU.Build.0 = Debug|Any CPU
		{D13DE962-A546-B117-5C2B-F0EBB88FAD4C}.Release|Any CPU.ActiveCfg = Release|Any CPU
		{D13DE962-A546-B117-5C2B-F0EBB88FAD4C}.Release|Any CPU.Build.0 = Release|Any CPU
	EndGlobalSection
	GlobalSection(SolutionProperties) = preSolution
		HideSolutionNode = FALSE
	EndGlobalSection
EndGlobal
